Microsoft Visual Studio Solution File, Format Version 12.00
# Visual Studio Version 16
VisualStudioVersion = 16.0.0.0
MinimumVisualStudioVersion = 16.0.0.0
Project("{9A19103F-16F7-4668-BE54-9A1E7A4F7556}") = "labbVG", "labbVG\labbVG.csproj", "{87F7F5CC-8D51-4AFA-8D2B-79E0C281AB80}"
EndProject
Project("{9A19103F-16F7-4668-BE54-9A1E7A4F7556}") = "labbVG.Client", "labbVG.Client\labbVG.Client.csproj", "{FCBA099F-61D3-435D-8D3C-FA7EEDD16E9B}"
EndProject
Global
	GlobalSection(SolutionConfigurationPlatforms) = preSolution
		Debug|Any CPU = Debug|Any CPU
		Debug|x64 = Debug|x64
		Debug|x86 = Debug|x86
		Release|Any CPU = Release|Any CPU
		Release|x64 = Release|x64
		Release|x86 = Release|x86
	EndGlobalSection
	GlobalSection(ProjectConfigurationPlatforms) = postSolution
		{FCBA099F-61D3-435D-8D3C-FA7EEDD16E9B}.Debug|Any CPU.ActiveCfg = Debug|Any CPU
		{FCBA099F-61D3-435D-8D3C-FA7EEDD16E9B}.Debug|Any CPU.Build.0 = Debug|Any CPU
		{FCBA099F-61D3-435D-8D3C-FA7EEDD16E9B}.Debug|x64.ActiveCfg = Debug|Any CPU
		{FCBA099F-61D3-435D-8D3C-FA7EEDD16E9B}.Debug|x64.Build.0 = Debug|Any CPU
		{FCBA099F-61D3-435D-8D3C-FA7EEDD16E9B}.Debug|x86.ActiveCfg = Debug|Any CPU
		{FCBA099F-61D3-435D-8D3C-FA7EEDD16E9B}.Debug|x86.Build.0 = Debug|Any CPU
		{FCBA099F-61D3-435D-8D3C-FA7EEDD16E9B}.Release|Any CPU.ActiveCfg = Release|Any CPU
		{FCBA099F-61D3-435D-8D3C-FA7EEDD16E9B}.Release|Any CPU.Build.0 = Release|Any CPU
		{FCBA099F-61D3-435D-8D3C-FA7EEDD16E9B}.Release|x64.ActiveCfg = Release|Any CPU
		{FCBA099F-61D3-435D-8D3C-FA7EEDD16E9B}.Release|x64.Build.0 = Release|Any CPU
		{FCBA099F-61D3-435D-8D3C-FA7EEDD16E9B}.Release|x86.ActiveCfg = Release|Any CPU
		{FCBA099F-61D3-435D-8D3C-FA7EEDD16E9B}.Release|x86.Build.0 = Release|Any CPU
		{87F7F5CC-8D51-4AFA-8D2B-79E0C281AB80}.Debug|Any CPU.ActiveCfg = Debug|Any CPU
		{87F7F5CC-8D51-4AFA-8D2B-79E0C281AB80}.Debug|Any CPU.Build.0 = Debug|Any CPU
		{87F7F5CC-8D51-4AFA-8D2B-79E0C281AB80}.Debug|x64.ActiveCfg = Debug|Any CPU
		{87F7F5CC-8D51-4AFA-8D2B-79E0C281AB80}.Debug|x64.Build.0 = Debug|Any CPU
		{87F7F5CC-8D51-4AFA-8D2B-79E0C281AB80}.Debug|x86.ActiveCfg = Debug|Any CPU
		{87F7F5CC-8D51-4AFA-8D2B-79E0C281AB80}.Debug|x86.Build.0 = Debug|Any CPU
		{87F7F5CC-8D51-4AFA-8D2B-79E0C281AB80}.Release|Any CPU.ActiveCfg = Release|Any CPU
		{87F7F5CC-8D51-4AFA-8D2B-79E0C281AB80}.Release|Any CPU.Build.0 = Release|Any CPU
		{87F7F5CC-8D51-4AFA-8D2B-79E0C281AB80}.Release|x64.ActiveCfg = Release|Any CPU
		{87F7F5CC-8D51-4AFA-8D2B-79E0C281AB80}.Release|x64.Build.0 = Release|Any CPU
		{87F7F5CC-8D51-4AFA-8D2B-79E0C281AB80}.Release|x86.ActiveCfg = Release|Any CPU
		{87F7F5CC-8D51-4AFA-8D2B-79E0C281AB80}.Release|x86.Build.0 = Release|Any CPU
	EndGlobalSection
	GlobalSection(SolutionProperties) = preSolution
		HideSolutionNode = FALSE
	EndGlobalSection
	GlobalSection(ExtensibilityGlobals) = postSolution
		SolutionGuid = {CD5BBE2E-7214-4527-B22C-2148C0D5FE61}
	EndGlobalSection
EndGlobal
